
Microsoft Visual Studio Solution File, Format Version 12.00
# Visual Studio 15
VisualStudioVersion = 15.0.28307.852
MinimumVisualStudioVersion = 10.0.40219.1
Project("{8BC9CEB8-8B4A-11D0-8D11-00A0C91BC942}") = "Seminario1", "Seminario1\Seminario1.vcxproj", "{A7A31D0D-C483-4568-9CA9-4C41357405EA}"
EndProject
Project("{8BC9CEB8-8B4A-11D0-8D11-00A0C91BC942}") = "Practica1", "Practica1\Practica1.vcxproj", "{743B1D8D-966B-4976-AAEF-6FB1DFB6B54B}"
EndProject
Global
	GlobalSection(SolutionConfigurationPlatforms) = preSolution
		Debug|x64 = Debug|x64
		Debug|x86 = Debug|x86
		Release|x64 = Release|x64
		Release|x86 = Release|x86
	EndGlobalSection
	GlobalSection(ProjectConfigurationPlatforms) = postSolution
		{A7A31D0D-C483-4568-9CA9-4C41357405EA}.Debug|x64.ActiveCfg = Debug|x64
		{A7A31D0D-C483-4568-9CA9-4C41357405EA}.Debug|x64.Build.0 = Debug|x64
		{A7A31D0D-C483-4568-9CA9-4C41357405EA}.Debug|x86.ActiveCfg = Debug|Win32
		{A7A31D0D-C483-4568-9CA9-4C41357405EA}.Debug|x86.Build.0 = Debug|Win32
		{A7A31D0D-C483-4568-9CA9-4C41357405EA}.Release|x64.ActiveCfg = Release|x64
		{A7A31D0D-C483-4568-9CA9-4C41357405EA}.Release|x64.Build.0 = Release|x64
		{A7A31D0D-C483-4568-9CA9-4C41357405EA}.Release|x86.ActiveCfg = Release|Win32
		{A7A31D0D-C483-4568-9CA9-4C41357405EA}.Release|x86.Build.0 = Release|Win32
		{743B1D8D-966B-4976-AAEF-6FB1DFB6B54B}.Debug|x64.ActiveCfg = Debug|x64
		{743B1D8D-966B-4976-AAEF-6FB1DFB6B54B}.Debug|x64.Build.0 = Debug|x64
		{743B1D8D-966B-4976-AAEF-6FB1DFB6B54B}.Debug|x86.ActiveCfg = Debug|Win32
		{743B1D8D-966B-4976-AAEF-6FB1DFB6B54B}.Debug|x86.Build.0 = Debug|Win32
		{743B1D8D-966B-4976-AAEF-6FB1DFB6B54B}.Release|x64.ActiveCfg = Release|x64
		{743B1D8D-966B-4976-AAEF-6FB1DFB6B54B}.Release|x64.Build.0 = Release|x64
		{743B1D8D-966B-4976-AAEF-6FB1DFB6B54B}.Release|x86.ActiveCfg = Release|Win32
		{743B1D8D-966B-4976-AAEF-6FB1DFB6B54B}.Release|x86.Build.0 = Release|Win32
	EndGlobalSection
	GlobalSection(SolutionProperties) = preSolution
		HideSolutionNode = FALSE
	EndGlobalSection
	GlobalSection(ExtensibilityGlobals) = postSolution
		SolutionGuid = {D49E1856-F470-42A7-BE76-B1E3164A6F08}
	EndGlobalSection
EndGlobal
